PackratFormat: 1.4
PackratVersion: 0.4.9.2
RVersion: 3.4.4
Repos: CRAN=https://cloud.r-project.org

Package: BH
Source: CRAN
Version: 1.66.0-1
Hash: 4cc8883584b955ed01f38f68bc03af6d

Package: R6
Source: CRAN
Version: 2.2.2
Hash: b2366cd9d2f3851a5704b4e192b985c2

Package: Rcpp
Source: CRAN
Version: 0.12.16
Hash: 8cc9dc88c11acdcf8a6dec4a0f1500bc

Package: crayon
Source: CRAN
Version: 1.3.4
Hash: ff2840dd9b0d563fc80377a5a45510cd

Package: httpuv
Source: CRAN
Version: 1.4.2
Hash: f9f71142e70b9046e6e0926b0fb8945c
Requires: BH, Rcpp, later, promises

Package: jsonlite
Source: CRAN
Version: 1.5
Hash: 9c51936d8dd00b2f1d4fe9d10499694c

Package: later
Source: CRAN
Version: 0.7.2
Hash: 312ca7df4ef3536038ab87dcefe33fd7
Requires: BH, Rcpp, rlang

Package: magrittr
Source: CRAN
Version: 1.5
Hash: bdc4d48c3135e8f3b399536ddf160df4

Package: packrat
Source: CRAN
Version: 0.4.9-2
Hash: 47dbd4e04dcd01da02a2021203205cb1

Package: plumber
Source: CRAN
Version: 0.4.4
Hash: f19938cb285dcf36a63f00f762d563c5
Requires: R6, crayon, httpuv, jsonlite, stringi

Package: promises
Source: CRAN
Version: 1.0.1
Hash: 1da7acbbc5a36e97d715bf15e72894cd
Requires: R6, Rcpp, later, magrittr, rlang

Package: rlang
Source: CRAN
Version: 0.2.0
Hash: 647e2e50a72557d1a770dcd6701e562b

Package: stringi
Source: CRAN
Version: 1.2.2
Hash: 09671b4a90b75927272d2b2ba6c0d6ed
